
Microsoft Visual Studio Solution File, Format Version 12.00
# Visual Studio Version 17
VisualStudioVersion = 17.8.34408.163
MinimumVisualStudioVersion = 10.0.40219.1
Project("{9A19103F-16F7-4668-BE54-9A1E7A4F7556}") = "M001", "M001\M001.csproj", "{C1ED3398-E5D9-4F99-90EE-814E61180634}"
EndProject
Project("{9A19103F-16F7-4668-BE54-9A1E7A4F7556}") = "M002", "M002\M002.csproj", "{99A82F09-CC9E-43F1-BD25-F89CB5EC066C}"
EndProject
Project("{9A19103F-16F7-4668-BE54-9A1E7A4F7556}") = "M000", "M000\M000.csproj", "{696F6593-7257-443A-AE85-404F8D9151C7}"
EndProject
Project("{9A19103F-16F7-4668-BE54-9A1E7A4F7556}") = "M003", "M003\M003.csproj", "{BE7742B1-4113-4392-AB9F-9696B2D9375D}"
EndProject
Project("{9A19103F-16F7-4668-BE54-9A1E7A4F7556}") = "M004", "M004\M004.csproj", "{6F2C6620-F8F2-4D06-883A-F0290CCA852D}"
EndProject
Project("{9A19103F-16F7-4668-BE54-9A1E7A4F7556}") = "M005", "M005\M005.csproj", "{78DE41DB-CD26-4883-A4E5-096D5690DED3}"
EndProject
Project("{9A19103F-16F7-4668-BE54-9A1E7A4F7556}") = "M006", "M006\M006.csproj", "{C2D0BA69-085C-4A0A-9F86-DC2C8E3227BF}"
EndProject
Project("{9A19103F-16F7-4668-BE54-9A1E7A4F7556}") = "M007", "M007\M007.csproj", "{146C624E-C9AC-458F-9AF7-0F74D04FEB36}"
EndProject
Project("{9A19103F-16F7-4668-BE54-9A1E7A4F7556}") = "M008", "M008\M008.csproj", "{E209C333-F27D-427A-83AE-FC09E70FCF49}"
EndProject
Project("{9A19103F-16F7-4668-BE54-9A1E7A4F7556}") = "M009", "M009\M009.csproj", "{78B6AE3F-1FED-4864-BC27-93668740DA7C}"
EndProject
Project("{9A19103F-16F7-4668-BE54-9A1E7A4F7556}") = "M010", "M010\M010.csproj", "{9D6124CA-6497-4486-A46D-6521804F4C64}"
EndProject
Project("{FAE04EC0-301F-11D3-BF4B-00C04F79EFBC}") = "M011", "M011\M011.csproj", "{1C1477A0-E2C2-450E-A19C-5E737D782FFD}"
EndProject
Project("{FAE04EC0-301F-11D3-BF4B-00C04F79EFBC}") = "M011_Tests", "M011_Tests\M011_Tests.csproj", "{A6621314-D710-45CF-87DC-1AE93007BFAA}"
EndProject
Project("{FAE04EC0-301F-11D3-BF4B-00C04F79EFBC}") = "M012", "M012\M012.csproj", "{B83ADA03-645E-4F34-AC20-76FB6A6C6E30}"
EndProject
Project("{FAE04EC0-301F-11D3-BF4B-00C04F79EFBC}") = "M013", "M013\M013.csproj", "{99DD38C9-7B49-4040-8A9A-AB11BA9DB925}"
EndProject
Global
	GlobalSection(SolutionConfigurationPlatforms) = preSolution
		Debug|Any CPU = Debug|Any CPU
		Release|Any CPU = Release|Any CPU
	EndGlobalSection
	GlobalSection(ProjectConfigurationPlatforms) = postSolution
		{C1ED3398-E5D9-4F99-90EE-814E61180634}.Debug|Any CPU.ActiveCfg = Debug|Any CPU
		{C1ED3398-E5D9-4F99-90EE-814E61180634}.Debug|Any CPU.Build.0 = Debug|Any CPU
		{C1ED3398-E5D9-4F99-90EE-814E61180634}.Release|Any CPU.ActiveCfg = Release|Any CPU
		{C1ED3398-E5D9-4F99-90EE-814E61180634}.Release|Any CPU.Build.0 = Release|Any CPU
		{99A82F09-CC9E-43F1-BD25-F89CB5EC066C}.Debug|Any CPU.ActiveCfg = Debug|Any CPU
		{99A82F09-CC9E-43F1-BD25-F89CB5EC066C}.Debug|Any CPU.Build.0 = Debug|Any CPU
		{99A82F09-CC9E-43F1-BD25-F89CB5EC066C}.Release|Any CPU.ActiveCfg = Release|Any CPU
		{99A82F09-CC9E-43F1-BD25-F89CB5EC066C}.Release|Any CPU.Build.0 = Release|Any CPU
		{696F6593-7257-443A-AE85-404F8D9151C7}.Debug|Any CPU.ActiveCfg = Debug|Any CPU
		{696F6593-7257-443A-AE85-404F8D9151C7}.Debug|Any CPU.Build.0 = Debug|Any CPU
		{696F6593-7257-443A-AE85-404F8D9151C7}.Release|Any CPU.ActiveCfg = Release|Any CPU
		{696F6593-7257-443A-AE85-404F8D9151C7}.Release|Any CPU.Build.0 = Release|Any CPU
		{BE7742B1-4113-4392-AB9F-9696B2D9375D}.Debug|Any CPU.ActiveCfg = Debug|Any CPU
		{BE7742B1-4113-4392-AB9F-9696B2D9375D}.Debug|Any CPU.Build.0 = Debug|Any CPU
		{BE7742B1-4113-4392-AB9F-9696B2D9375D}.Release|Any CPU.ActiveCfg = Release|Any CPU
		{BE7742B1-4113-4392-AB9F-9696B2D9375D}.Release|Any CPU.Build.0 = Release|Any CPU
		{6F2C6620-F8F2-4D06-883A-F0290CCA852D}.Debug|Any CPU.ActiveCfg = Debug|Any CPU
		{6F2C6620-F8F2-4D06-883A-F0290CCA852D}.Debug|Any CPU.Build.0 = Debug|Any CPU
		{6F2C6620-F8F2-4D06-883A-F0290CCA852D}.Release|Any CPU.ActiveCfg = Release|Any CPU
		{6F2C6620-F8F2-4D06-883A-F0290CCA852D}.Release|Any CPU.Build.0 = Release|Any CPU
		{78DE41DB-CD26-4883-A4E5-096D5690DED3}.Debug|Any CPU.ActiveCfg = Debug|Any CPU
		{78DE41DB-CD26-4883-A4E5-096D5690DED3}.Debug|Any CPU.Build.0 = Debug|Any CPU
		{78DE41DB-CD26-4883-A4E5-096D5690DED3}.Release|Any CPU.ActiveCfg = Release|Any CPU
		{78DE41DB-CD26-4883-A4E5-096D5690DED3}.Release|Any CPU.Build.0 = Release|Any CPU
		{C2D0BA69-085C-4A0A-9F86-DC2C8E3227BF}.Debug|Any CPU.ActiveCfg = Debug|Any CPU
		{C2D0BA69-085C-4A0A-9F86-DC2C8E3227BF}.Debug|Any CPU.Build.0 = Debug|Any CPU
		{C2D0BA69-085C-4A0A-9F86-DC2C8E3227BF}.Release|Any CPU.ActiveCfg = Release|Any CPU
		{C2D0BA69-085C-4A0A-9F86-DC2C8E3227BF}.Release|Any CPU.Build.0 = Release|Any CPU
		{146C624E-C9AC-458F-9AF7-0F74D04FEB36}.Debug|Any CPU.ActiveCfg = Debug|Any CPU
		{146C624E-C9AC-458F-9AF7-0F74D04FEB36}.Debug|Any CPU.Build.0 = Debug|Any CPU
		{146C624E-C9AC-458F-9AF7-0F74D04FEB36}.Release|Any CPU.ActiveCfg = Release|Any CPU
		{146C624E-C9AC-458F-9AF7-0F74D04FEB36}.Release|Any CPU.Build.0 = Release|Any CPU
		{E209C333-F27D-427A-83AE-FC09E70FCF49}.Debug|Any CPU.ActiveCfg = Debug|Any CPU
		{E209C333-F27D-427A-83AE-FC09E70FCF49}.Debug|Any CPU.Build.0 = Debug|Any CPU
		{E209C333-F27D-427A-83AE-FC09E70FCF49}.Release|Any CPU.ActiveCfg = Release|Any CPU
		{E209C333-F27D-427A-83AE-FC09E70FCF49}.Release|Any CPU.Build.0 = Release|Any CPU
		{78B6AE3F-1FED-4864-BC27-93668740DA7C}.Debug|Any CPU.ActiveCfg = Debug|Any CPU
		{78B6AE3F-1FED-4864-BC27-93668740DA7C}.Debug|Any CPU.Build.0 = Debug|Any CPU
		{78B6AE3F-1FED-4864-BC27-93668740DA7C}.Release|Any CPU.ActiveCfg = Release|Any CPU
		{78B6AE3F-1FED-4864-BC27-93668740DA7C}.Release|Any CPU.Build.0 = Release|Any CPU
		{9D6124CA-6497-4486-A46D-6521804F4C64}.Debug|Any CPU.ActiveCfg = Debug|Any CPU
		{9D6124CA-6497-4486-A46D-6521804F4C64}.Debug|Any CPU.Build.0 = Debug|Any CPU
		{9D6124CA-6497-4486-A46D-6521804F4C64}.Release|Any CPU.ActiveCfg = Release|Any CPU
		{9D6124CA-6497-4486-A46D-6521804F4C64}.Release|Any CPU.Build.0 = Release|Any CPU
		{1C1477A0-E2C2-450E-A19C-5E737D782FFD}.Debug|Any CPU.ActiveCfg = Debug|Any CPU
		{1C1477A0-E2C2-450E-A19C-5E737D782FFD}.Debug|Any CPU.Build.0 = Debug|Any CPU
		{1C1477A0-E2C2-450E-A19C-5E737D782FFD}.Release|Any CPU.ActiveCfg = Release|Any CPU
		{1C1477A0-E2C2-450E-A19C-5E737D782FFD}.Release|Any CPU.Build.0 = Release|Any CPU
		{A6621314-D710-45CF-87DC-1AE93007BFAA}.Debug|Any CPU.ActiveCfg = Debug|Any CPU
		{A6621314-D710-45CF-87DC-1AE93007BFAA}.Debug|Any CPU.Build.0 = Debug|Any CPU
		{A6621314-D710-45CF-87DC-1AE93007BFAA}.Release|Any CPU.ActiveCfg = Release|Any CPU
		{A6621314-D710-45CF-87DC-1AE93007BFAA}.Release|Any CPU.Build.0 = Release|Any CPU
		{B83ADA03-645E-4F34-AC20-76FB6A6C6E30}.Debug|Any CPU.ActiveCfg = Debug|Any CPU
		{B83ADA03-645E-4F34-AC20-76FB6A6C6E30}.Debug|Any CPU.Build.0 = Debug|Any CPU
		{B83ADA03-645E-4F34-AC20-76FB6A6C6E30}.Release|Any CPU.ActiveCfg = Release|Any CPU
		{B83ADA03-645E-4F34-AC20-76FB6A6C6E30}.Release|Any CPU.Build.0 = Release|Any CPU
		{99DD38C9-7B49-4040-8A9A-AB11BA9DB925}.Debug|Any CPU.ActiveCfg = Debug|Any CPU
		{99DD38C9-7B49-4040-8A9A-AB11BA9DB925}.Debug|Any CPU.Build.0 = Debug|Any CPU
		{99DD38C9-7B49-4040-8A9A-AB11BA9DB925}.Release|Any CPU.ActiveCfg = Release|Any CPU
		{99DD38C9-7B49-4040-8A9A-AB11BA9DB925}.Release|Any CPU.Build.0 = Release|Any CPU
	EndGlobalSection
	GlobalSection(SolutionProperties) = preSolution
		HideSolutionNode = FALSE
	EndGlobalSection
	GlobalSection(ExtensibilityGlobals) = postSolution
		SolutionGuid = {289EEBD3-50D4-4F98-B8B2-8A55F55AFB5B}
	EndGlobalSection
EndGlobal
